
Microsoft Visual Studio Solution File, Format Version 12.00
# Visual Studio Version 16
VisualStudioVersion = 16.0.30413.136
MinimumVisualStudioVersion = 10.0.40219.1
Project("{FAE04EC0-301F-11D3-BF4B-00C04F79EFBC}") = "ex08-william", "ex08-william.csproj", "{5B166F10-63C2-4165-A489-3834AEB0041D}"
EndProject
Global
	GlobalSection(SolutionConfigurationPlatforms) = preSolution
		Debug|Any CPU = Debug|Any CPU
		Release|Any CPU = Release|Any CPU
	EndGlobalSection
	GlobalSection(ProjectConfigurationPlatforms) = postSolution
		{5B166F10-63C2-4165-A489-3834AEB0041D}.Debug|Any CPU.ActiveCfg = Debug|Any CPU
		{5B166F10-63C2-4165-A489-3834AEB0041D}.Debug|Any CPU.Build.0 = Debug|Any CPU
		{5B166F10-63C2-4165-A489-3834AEB0041D}.Release|Any CPU.ActiveCfg = Release|Any CPU
		{5B166F10-63C2-4165-A489-3834AEB0041D}.Release|Any CPU.Build.0 = Release|Any CPU
	EndGlobalSection
	GlobalSection(SolutionProperties) = preSolution
		HideSolutionNode = FALSE
	EndGlobalSection
	GlobalSection(ExtensibilityGlobals) = postSolution
		SolutionGuid = {155F6925-9AAA-4EBB-BA74-5BA42D3BBDDD}
	EndGlobalSection
EndGlobal
