
Microsoft Visual Studio Solution File, Format Version 12.00
# Visual Studio Version 16
VisualStudioVersion = 16.0.30413.136
MinimumVisualStudioVersion = 10.0.40219.1
Project("{FAE04EC0-301F-11D3-BF4B-00C04F79EFBC}") = "ex07-william", "ex07-william.csproj", "{D463BA73-816F-4CB7-9FB6-60B8B779EBB5}"
EndProject
Global
	GlobalSection(SolutionConfigurationPlatforms) = preSolution
		Debug|Any CPU = Debug|Any CPU
		Release|Any CPU = Release|Any CPU
	EndGlobalSection
	GlobalSection(ProjectConfigurationPlatforms) = postSolution
		{D463BA73-816F-4CB7-9FB6-60B8B779EBB5}.Debug|Any CPU.ActiveCfg = Debug|Any CPU
		{D463BA73-816F-4CB7-9FB6-60B8B779EBB5}.Debug|Any CPU.Build.0 = Debug|Any CPU
		{D463BA73-816F-4CB7-9FB6-60B8B779EBB5}.Release|Any CPU.ActiveCfg = Release|Any CPU
		{D463BA73-816F-4CB7-9FB6-60B8B779EBB5}.Release|Any CPU.Build.0 = Release|Any CPU
	EndGlobalSection
	GlobalSection(SolutionProperties) = preSolution
		HideSolutionNode = FALSE
	EndGlobalSection
	GlobalSection(ExtensibilityGlobals) = postSolution
		SolutionGuid = {8A1EE73B-654E-49B7-8E8D-F7DB6D497B30}
	EndGlobalSection
EndGlobal
