
Microsoft Visual Studio Solution File, Format Version 12.00
# Visual Studio Version 16
VisualStudioVersion = 16.0.30503.244
MinimumVisualStudioVersion = 10.0.40219.1
Project("{FAE04EC0-301F-11D3-BF4B-00C04F79EFBC}") = "ex09-william", "ex09-william.csproj", "{8528840D-96A0-4FEF-9072-F139A14F0D4A}"
EndProject
Global
	GlobalSection(SolutionConfigurationPlatforms) = preSolution
		Debug|Any CPU = Debug|Any CPU
		Release|Any CPU = Release|Any CPU
	EndGlobalSection
	GlobalSection(ProjectConfigurationPlatforms) = postSolution
		{8528840D-96A0-4FEF-9072-F139A14F0D4A}.Debug|Any CPU.ActiveCfg = Debug|Any CPU
		{8528840D-96A0-4FEF-9072-F139A14F0D4A}.Debug|Any CPU.Build.0 = Debug|Any CPU
		{8528840D-96A0-4FEF-9072-F139A14F0D4A}.Release|Any CPU.ActiveCfg = Release|Any CPU
		{8528840D-96A0-4FEF-9072-F139A14F0D4A}.Release|Any CPU.Build.0 = Release|Any CPU
	EndGlobalSection
	GlobalSection(SolutionProperties) = preSolution
		HideSolutionNode = FALSE
	EndGlobalSection
	GlobalSection(ExtensibilityGlobals) = postSolution
		SolutionGuid = {AF74D6C2-E5D2-4BA1-B510-1530546C00D8}
	EndGlobalSection
EndGlobal
